
Microsoft Visual Studio Solution File, Format Version 12.00
# Visual Studio Version 16
VisualStudioVersion = 16.0.30114.105
MinimumVisualStudioVersion = 10.0.40219.1
Project("{FAE04EC0-301F-11D3-BF4B-00C04F79EFBC}") = "ReadJsonDataWithWebApi", "ReadJsonDataWithWebApi\ReadJsonDataWithWebApi.csproj", "{9AF79980-B0DF-44BE-824B-453F57C46ADB}"
EndProject
Global
	GlobalSection(SolutionConfigurationPlatforms) = preSolution
		Debug|Any CPU = Debug|Any CPU
		Release|Any CPU = Release|Any CPU
	EndGlobalSection
	GlobalSection(ProjectConfigurationPlatforms) = postSolution
		{9AF79980-B0DF-44BE-824B-453F57C46ADB}.Debug|Any CPU.ActiveCfg = Debug|Any CPU
		{9AF79980-B0DF-44BE-824B-453F57C46ADB}.Debug|Any CPU.Build.0 = Debug|Any CPU
		{9AF79980-B0DF-44BE-824B-453F57C46ADB}.Release|Any CPU.ActiveCfg = Release|Any CPU
		{9AF79980-B0DF-44BE-824B-453F57C46ADB}.Release|Any CPU.Build.0 = Release|Any CPU
	EndGlobalSection
	GlobalSection(SolutionProperties) = preSolution
		HideSolutionNode = FALSE
	EndGlobalSection
	GlobalSection(ExtensibilityGlobals) = postSolution
		SolutionGuid = {2043608E-04BD-49A4-859E-1BC6276C3CE9}
	EndGlobalSection
EndGlobal
